{
    "_meta": {
        "hash": {
            "sha256": "6ab031c17d1bc7c511eb0eb87ae7babd89333f5f0b2ef36b32afca8dcdfe1d8d"
        },
        "pipfile-spec": 6,
        "requires": {
            "python_version": "3.7"
        },
        "sources": [
            {
                "name": "pypi",
                "url": "https://pypi.org/simple",
                "verify_ssl": true
            }
        ]
    },
    "default": {
        "certifi": {
            "hashes": [
                "sha256:5930595817496dd21bb8dc35dad090f1c2cd0adfaf21204bf6732ca5d8ee34d3",
                "sha256:8fc0819f1f30ba15bdb34cceffb9ef04d99f420f68eb75d901e9560b8749fc41"
            ],
            "version": "==2020.6.20"
        },
        "chardet": {
            "hashes": [
                "sha256:84ab92ed1c4d4f16916e05906b6b75a6c0fb5db821cc65e70cbd64a3e2a5eaae",
                "sha256:fc323ffcaeaed0e0a02bf4d117757b98aed530d9ed4531e3e15460124c106691"
            ],
            "version": "==3.0.4"
        },
        "dateparser": {
            "hashes": [
                "sha256:940828183c937bcec530753211b70f673c0a9aab831e43273489b310538dff86",
                "sha256:b452ef8b36cd78ae86a50721794bc674aa3994e19b570f7ba92810f4e0a2ae03"
            ],
            "index": "pypi",
            "version": "==0.7.0"
        },
        "idna": {
            "hashes": [
                "sha256:156a6814fb5ac1fc6850fb002e0852d56c0c8d2531923a51032d1b70760e186e",
                "sha256:684a38a6f903c1d71d6d5fac066b58d7768af4de2b832e426ec79c30daa94a16"
            ],
            "version": "==2.7"
        },
        "praw": {
            "hashes": [
                "sha256:ccd3463c838d912073c82cc226f7d62fb01aecf2f33dff3f0456afc688f45376",
                "sha256:ead6a4cce623f9a5093965a98e4f4bb5463920c8e4a5caf19098c585d06bb507"
            ],
            "index": "pypi",
            "version": "==6.0.0"
        },
        "prawcore": {
            "hashes": [
                "sha256:1f1eafc8a65d671f9892354f73142014fbb5d3a9ee621568c662d0a354e0578b",
                "sha256:672d8a2faa12b44307874b2acfdd27f9cbaa5fa37bada4b34e36277224e6d8ed"
            ],
            "version": "==1.5.0"
        },
        "python-dateutil": {
            "hashes": [
                "sha256:73ebfe9dbf22e832286dafa60473e4cd239f8592f699aa5adaf10050e6e1823c",
                "sha256:75bb3f31ea686f1197762692a9ee6a7550b59fc6ca3a1f4b5d7e32fb98e2da2a"
            ],
            "version": "==2.8.1"
        },
        "pytz": {
            "hashes": [
                "sha256:a494d53b6d39c3c6e44c3bec237336e14305e4f29bbf800b599253057fbb79ed",
                "sha256:c35965d010ce31b23eeb663ed3cc8c906275d6be1a34393a1d73a41febf4a048"
            ],
            "version": "==2020.1"
        },
        "regex": {
            "hashes": [
                "sha256:0dc64ee3f33cd7899f79a8d788abfbec168410be356ed9bd30bbd3f0a23a7204",
                "sha256:1269fef3167bb52631ad4fa7dd27bf635d5a0790b8e6222065d42e91bede4162",
                "sha256:14a53646369157baa0499513f96091eb70382eb50b2c82393d17d7ec81b7b85f",
                "sha256:3a3af27a8d23143c49a3420efe5b3f8cf1a48c6fc8bc6856b03f638abc1833bb",
                "sha256:46bac5ca10fb748d6c55843a931855e2727a7a22584f302dd9bb1506e69f83f6",
                "sha256:4c037fd14c5f4e308b8370b447b469ca10e69427966527edcab07f52d88388f7",
                "sha256:51178c738d559a2d1071ce0b0f56e57eb315bcf8f7d4cf127674b533e3101f88",
                "sha256:5ea81ea3dbd6767873c611687141ec7b06ed8bab43f68fad5b7be184a920dc99",
                "sha256:6961548bba529cac7c07af2fd4d527c5b91bb8fe18995fed6044ac22b3d14644",
                "sha256:75aaa27aa521a182824d89e5ab0a1d16ca207318a6b65042b046053cfc8ed07a",
                "sha256:7a2dd66d2d4df34fa82c9dc85657c5e019b87932019947faece7983f2089a840",
                "sha256:8a51f2c6d1f884e98846a0a9021ff6861bdb98457879f412fdc2b42d14494067",
                "sha256:9c568495e35599625f7b999774e29e8d6b01a6fb684d77dee1f56d41b11b40cd",
                "sha256:9eddaafb3c48e0900690c1727fba226c4804b8e6127ea409689c3bb492d06de4",
                "sha256:bbb332d45b32df41200380fff14712cb6093b61bd142272a10b16778c418e98e",
                "sha256:bc3d98f621898b4a9bc7fecc00513eec8f40b5b83913d74ccb445f037d58cd89",
                "sha256:c11d6033115dc4887c456565303f540c44197f4fc1a2bfb192224a301534888e",
                "sha256:c50a724d136ec10d920661f1442e4a8b010a4fe5aebd65e0c2241ea41dbe93dc",
                "sha256:d0a5095d52b90ff38592bbdc2644f17c6d495762edf47d876049cfd2968fbccf",
                "sha256:d6cff2276e502b86a25fd10c2a96973fdb45c7a977dca2138d661417f3728341",
                "sha256:e46d13f38cfcbb79bfdb2964b0fe12561fe633caf964a77a5f8d4e45fe5d2ef7"
            ],
            "version": "==2020.7.14"
        },
        "requests": {
            "hashes": [
                "sha256:99dcfdaaeb17caf6e526f32b6a7b780461512ab3f1d992187801694cba42770c",
                "sha256:a84b8c9ab6239b578f22d1c21d51b696dcfe004032bb80ea832398d6909d7279"
            ],
            "index": "pypi",
            "version": "==2.20.0"
        },
        "six": {
            "hashes": [
                "sha256:70e8a77beed4562e7f14fe23a786b54f6296e34344c23bc42f07b15018ff98e9",
                "sha256:832dc0e10feb1aa2c68dcc57dbb658f1c7e65b9b61af69048abc87a2db00a0eb"
            ],
            "index": "pypi",
            "version": "==1.11.0"
        },
        "tzlocal": {
            "hashes": [
                "sha256:643c97c5294aedc737780a49d9df30889321cbe1204eac2c2ec6134035a92e44",
                "sha256:e2cb6c6b5b604af38597403e9852872d7f534962ae2954c7f35efcb1ccacf4a4"
            ],
            "version": "==2.1"
        },
        "update-checker": {
            "hashes": [
                "sha256:6a2d45bb4ac585884a6b03f9eade9161cedd9e8111545141e9aa9058932acb13",
                "sha256:cbba64760a36fe2640d80d85306e8fe82b6816659190993b7bdabadee4d4bbfd"
            ],
            "version": "==0.18.0"
        },
        "urllib3": {
            "hashes": [
                "sha256:2393a695cd12afedd0dcb26fe5d50d0cf248e5a66f75dbd89a3d4eb333a61af4",
                "sha256:a637e5fae88995b256e3409dc4d52c2e2e0ba32c42a6365fee8bbd2238de3cfb"
            ],
            "version": "==1.24.3"
        }
    },
    "develop": {}
}
